// !$*UTF8*$!
{
	archiveVersion = 1;
	classes = {
	};
	objectVersion = 50;
	objects = {

/* Begin PBXBuildFile section */
		432AA4EDBB04137A5054CEA2 /* Pods_TestPhoneUITests.framework in Frameworks */ = {isa = PBXBuildFile; fileRef = 2B32D1E4408F317BF3C61308 /* Pods_TestPhoneUITests.framework */; };
		4DC254A152C8940744C47F6C /* Pods_TestPhone.framework in Frameworks */ = {isa = PBXBuildFile; fileRef = AE52EB0790C83BC8436A1C0C /* Pods_TestPhone.framework */; };
		ACB586EB227862A600EB9002 /* AppDelegate.swift in Sources */ = {isa = PBXBuildFile; fileRef = ACB586EA227862A600EB9002 /* AppDelegate.swift */; };
		ACB586ED227862A600EB9002 /* CountryDetailViewController.swift in Sources */ = {isa = PBXBuildFile; fileRef = ACB586EC227862A600EB9002 /* CountryDetailViewController.swift */; };
		ACB586F0227862A600EB9002 /* Main.storyboard in Resources */ = {isa = PBXBuildFile; fileRef = ACB586EE227862A600EB9002 /* Main.storyboard */; };
		ACB586F2227862A800EB9002 /* Assets.xcassets in Resources */ = {isa = PBXBuildFile; fileRef = ACB586F1227862A800EB9002 /* Assets.xcassets */; };
		ACB586F5227862A800EB9002 /* LaunchScreen.storyboard in Resources */ = {isa = PBXBuildFile; fileRef = ACB586F3227862A800EB9002 /* LaunchScreen.storyboard */; };
		ACB58700227862A900EB9002 /* TestPhoneTests.swift in Sources */ = {isa = PBXBuildFile; fileRef = ACB586FF227862A900EB9002 /* TestPhoneTests.swift */; };
		ACB5870B227862A900EB9002 /* TestPhoneUITests.swift in Sources */ = {isa = PBXBuildFile; fileRef = ACB5870A227862A900EB9002 /* TestPhoneUITests.swift */; };
		ACB5871B2278688400EB9002 /* ScrollableHeaderView.swift in Sources */ = {isa = PBXBuildFile; fileRef = ACB5871A2278688400EB9002 /* ScrollableHeaderView.swift */; };
		ACB5871D2278691700EB9002 /* ScrollableHeaderView.xib in Resources */ = {isa = PBXBuildFile; fileRef = ACB5871C2278691700EB9002 /* ScrollableHeaderView.xib */; };
		ACB5872222786C2000EB9002 /* NibLoadableView.swift in Sources */ = {isa = PBXBuildFile; fileRef = ACB5872122786C2000EB9002 /* NibLoadableView.swift */; };
		ACB5872422786CD300EB9002 /* UITableViewCell+NibLoadable.swift in Sources */ = {isa = PBXBuildFile; fileRef = ACB5872322786CD300EB9002 /* UITableViewCell+NibLoadable.swift */; };
		ACB5872622786D4C00EB9002 /* ReusableView.swift in Sources */ = {isa = PBXBuildFile; fileRef = ACB5872522786D4C00EB9002 /* ReusableView.swift */; };
		ACB587282278711400EB9002 /* UINib+Instantiate.swift in Sources */ = {isa = PBXBuildFile; fileRef = ACB587272278711400EB9002 /* UINib+Instantiate.swift */; };
		ACB5872B2278776E00EB9002 /* Slide.swift in Sources */ = {isa = PBXBuildFile; fileRef = ACB5872A2278776E00EB9002 /* Slide.swift */; };
		ACB5872D2278778200EB9002 /* Slide.xib in Resources */ = {isa = PBXBuildFile; fileRef = ACB5872C2278778200EB9002 /* Slide.xib */; };
		ACB587362279E5DE00EB9002 /* SubscriptionTableViewCell.swift in Sources */ = {isa = PBXBuildFile; fileRef = ACB587322279E5DE00EB9002 /* SubscriptionTableViewCell.swift */; };
		ACB587372279E5DE00EB9002 /* SubscriptionView.swift in Sources */ = {isa = PBXBuildFile; fileRef = ACB587332279E5DE00EB9002 /* SubscriptionView.swift */; };
		ACB587382279E5DE00EB9002 /* SubscriptionView.xib in Resources */ = {isa = PBXBuildFile; fileRef = ACB587342279E5DE00EB9002 /* SubscriptionView.xib */; };
		ACB587392279E5DE00EB9002 /* SubscriptionTableViewCell.xib in Resources */ = {isa = PBXBuildFile; fileRef = ACB587352279E5DE00EB9002 /* SubscriptionTableViewCell.xib */; };
		ACB5873C2279E62A00EB9002 /* Subscription.swift in Sources */ = {isa = PBXBuildFile; fileRef = ACB5873B2279E62A00EB9002 /* Subscription.swift */; };
		ACB5873F2279FA7F00EB9002 /* CountriesTableViewController.swift in Sources */ = {isa = PBXBuildFile; fileRef = ACB5873E2279FA7F00EB9002 /* CountriesTableViewController.swift */; };
		ACB587422279FAD100EB9002 /* CountryTableCell.swift in Sources */ = {isa = PBXBuildFile; fileRef = ACB587412279FAD100EB9002 /* CountryTableCell.swift */; };
		ACB587442279FB7B00EB9002 /* Country.swift in Sources */ = {isa = PBXBuildFile; fileRef = ACB587432279FB7B00EB9002 /* Country.swift */; };
		ACB587462279FBB300EB9002 /* CountryData.swift in Sources */ = {isa = PBXBuildFile; fileRef = ACB587452279FBB300EB9002 /* CountryData.swift */; };
		ACB587482279FC2700EB9002 /* Data+Dictionary.swift in Sources */ = {isa = PBXBuildFile; fileRef = ACB587472279FC2600EB9002 /* Data+Dictionary.swift */; };
		ACB5874A2279FC4600EB9002 /* Countries.swift in Sources */ = {isa = PBXBuildFile; fileRef = ACB587492279FC4600EB9002 /* Countries.swift */; };
		ACB5874C2279FC7500EB9002 /* CountryTableCell.xib in Resources */ = {isa = PBXBuildFile; fileRef = ACB5874B2279FC7500EB9002 /* CountryTableCell.xib */; };
		ACB5874E227A05C800EB9002 /* UIApplication+StatusBarColor.swift in Sources */ = {isa = PBXBuildFile; fileRef = ACB5874D227A05C800EB9002 /* UIApplication+StatusBarColor.swift */; };
		FA67AD0F2568854162EEFC40 /* Pods_TestPhoneTests.framework in Frameworks */ = {isa = PBXBuildFile; fileRef = 1334857D99927F384CBBA748 /* Pods_TestPhoneTests.framework */; };
/* End PBXBuildFile section */

/* Begin PBXContainerItemProxy section */
		ACB586FC227862A900EB9002 /* PBXContainerItemProxy */ = {
			isa = PBXContainerItemProxy;
			containerPortal = ACB586DF227862A600EB9002 /* Project object */;
			proxyType = 1;
			remoteGlobalIDString = ACB586E6227862A600EB9002;
			remoteInfo = TestPhone;
		};
		ACB58707227862A900EB9002 /* PBXContainerItemProxy */ = {
			isa = PBXContainerItemProxy;
			containerPortal = ACB586DF227862A600EB9002 /* Project object */;
			proxyType = 1;
			remoteGlobalIDString = ACB586E6227862A600EB9002;
			remoteInfo = TestPhone;
		};
/* End PBXContainerItemProxy section */

/* Begin PBXFileReference section */
		006BA25657AA3A1998F2264C /* Pods-TestPhoneTests.release.xcconfig */ = {isa = PBXFileReference; includeInIndex = 1; lastKnownFileType = text.xcconfig; name = "Pods-TestPhoneTests.release.xcconfig"; path = "Pods/Target Support Files/Pods-TestPhoneTests/Pods-TestPhoneTests.release.xcconfig"; sourceTree = "<group>"; };
		0B0DF6C5EA3E6AA34218E0A3 /* Pods-TestPhone.release.xcconfig */ = {isa = PBXFileReference; includeInIndex = 1; lastKnownFileType = text.xcconfig; name = "Pods-TestPhone.release.xcconfig"; path = "Pods/Target Support Files/Pods-TestPhone/Pods-TestPhone.release.xcconfig"; sourceTree = "<group>"; };
		1334857D99927F384CBBA748 /* Pods_TestPhoneTests.framework */ = {isa = PBXFileReference; explicitFileType = wrapper.framework; includeInIndex = 0; path = Pods_TestPhoneTests.framework; sourceTree = BUILT_PRODUCTS_DIR; };
		2B32D1E4408F317BF3C61308 /* Pods_TestPhoneUITests.framework */ = {isa = PBXFileReference; explicitFileType = wrapper.framework; includeInIndex = 0; path = Pods_TestPhoneUITests.framework; sourceTree = BUILT_PRODUCTS_DIR; };
		6861BDCB1C7CF2696729CB9E /* Pods-TestPhoneUITests.release.xcconfig */ = {isa = PBXFileReference; includeInIndex = 1; lastKnownFileType = text.xcconfig; name = "Pods-TestPhoneUITests.release.xcconfig"; path = "Pods/Target Support Files/Pods-TestPhoneUITests/Pods-TestPhoneUITests.release.xcconfig"; sourceTree = "<group>"; };
		68E2E00126BAEBC52D0AB866 /* Pods-TestPhone.debug.xcconfig */ = {isa = PBXFileReference; includeInIndex = 1; lastKnownFileType = text.xcconfig; name = "Pods-TestPhone.debug.xcconfig"; path = "Pods/Target Support Files/Pods-TestPhone/Pods-TestPhone.debug.xcconfig"; sourceTree = "<group>"; };
		9530F6785FF248564530CDCF /* Pods-TestPhoneUITests.debug.xcconfig */ = {isa = PBXFileReference; includeInIndex = 1; lastKnownFileType = text.xcconfig; name = "Pods-TestPhoneUITests.debug.xcconfig"; path = "Pods/Target Support Files/Pods-TestPhoneUITests/Pods-TestPhoneUITests.debug.xcconfig"; sourceTree = "<group>"; };
		ACB586E7227862A600EB9002 /* TestPhone.app */ = {isa = PBXFileReference; explicitFileType = wrapper.application; includeInIndex = 0; path = TestPhone.app; sourceTree = BUILT_PRODUCTS_DIR; };
		ACB586EA227862A600EB9002 /* AppDelegate.swift */ = {isa = PBXFileReference; lastKnownFileType = sourcecode.swift; path = AppDelegate.swift; sourceTree = "<group>"; };
		ACB586EC227862A600EB9002 /* CountryDetailViewController.swift */ = {isa = PBXFileReference; lastKnownFileType = sourcecode.swift; path = CountryDetailViewController.swift; sourceTree = "<group>"; };
		ACB586EF227862A600EB9002 /* Base */ = {isa = PBXFileReference; lastKnownFileType = file.storyboard; name = Base; path = Base.lproj/Main.storyboard; sourceTree = "<group>"; };
		ACB586F1227862A800EB9002 /* Assets.xcassets */ = {isa = PBXFileReference; lastKnownFileType = folder.assetcatalog; path = Assets.xcassets; sourceTree = "<group>"; };
		ACB586F4227862A800EB9002 /* Base */ = {isa = PBXFileReference; lastKnownFileType = file.storyboard; name = Base; path = Base.lproj/LaunchScreen.storyboard; sourceTree = "<group>"; };
		ACB586F6227862A800EB9002 /* Info.plist */ = {isa = PBXFileReference; lastKnownFileType = text.plist.xml; path = Info.plist; sourceTree = "<group>"; };
		ACB586FB227862A900EB9002 /* TestPhoneTests.xctest */ = {isa = PBXFileReference; explicitFileType = wrapper.cfbundle; includeInIndex = 0; path = TestPhoneTests.xctest; sourceTree = BUILT_PRODUCTS_DIR; };
		ACB586FF227862A900EB9002 /* TestPhoneTests.swift */ = {isa = PBXFileReference; lastKnownFileType = sourcecode.swift; path = TestPhoneTests.swift; sourceTree = "<group>"; };
		ACB58701227862A900EB9002 /* Info.plist */ = {isa = PBXFileReference; lastKnownFileType = text.plist.xml; path = Info.plist; sourceTree = "<group>"; };
		ACB58706227862A900EB9002 /* TestPhoneUITests.xctest */ = {isa = PBXFileReference; explicitFileType = wrapper.cfbundle; includeInIndex = 0; path = TestPhoneUITests.xctest; sourceTree = BUILT_PRODUCTS_DIR; };
		ACB5870A227862A900EB9002 /* TestPhoneUITests.swift */ = {isa = PBXFileReference; lastKnownFileType = sourcecode.swift; path = TestPhoneUITests.swift; sourceTree = "<group>"; };
		ACB5870C227862A900EB9002 /* Info.plist */ = {isa = PBXFileReference; lastKnownFileType = text.plist.xml; path = Info.plist; sourceTree = "<group>"; };
		ACB5871A2278688400EB9002 /* ScrollableHeaderView.swift */ = {isa = PBXFileReference; lastKnownFileType = sourcecode.swift; path = ScrollableHeaderView.swift; sourceTree = "<group>"; };
		ACB5871C2278691700EB9002 /* ScrollableHeaderView.xib */ = {isa = PBXFileReference; lastKnownFileType = file.xib; path = ScrollableHeaderView.xib; sourceTree = "<group>"; };
		ACB5872122786C2000EB9002 /* NibLoadableView.swift */ = {isa = PBXFileReference; lastKnownFileType = sourcecode.swift; path = NibLoadableView.swift; sourceTree = "<group>"; };
		ACB5872322786CD300EB9002 /* UITableViewCell+NibLoadable.swift */ = {isa = PBXFileReference; lastKnownFileType = sourcecode.swift; path = "UITableViewCell+NibLoadable.swift"; sourceTree = "<group>"; };
		ACB5872522786D4C00EB9002 /* ReusableView.swift */ = {isa = PBXFileReference; lastKnownFileType = sourcecode.swift; path = ReusableView.swift; sourceTree = "<group>"; };
		ACB587272278711400EB9002 /* UINib+Instantiate.swift */ = {isa = PBXFileReference; lastKnownFileType = sourcecode.swift; path = "UINib+Instantiate.swift"; sourceTree = "<group>"; };
		ACB5872A2278776E00EB9002 /* Slide.swift */ = {isa = PBXFileReference; lastKnownFileType = sourcecode.swift; path = Slide.swift; sourceTree = "<group>"; };
		ACB5872C2278778200EB9002 /* Slide.xib */ = {isa = PBXFileReference; lastKnownFileType = file.xib; path = Slide.xib; sourceTree = "<group>"; };
		ACB587322279E5DE00EB9002 /* SubscriptionTableViewCell.swift */ = {isa = PBXFileReference; fileEncoding = 4; lastKnownFileType = sourcecode.swift; path = SubscriptionTableViewCell.swift; sourceTree = "<group>"; };
		ACB587332279E5DE00EB9002 /* SubscriptionView.swift */ = {isa = PBXFileReference; fileEncoding = 4; lastKnownFileType = sourcecode.swift; path = SubscriptionView.swift; sourceTree = "<group>"; };
		ACB587342279E5DE00EB9002 /* SubscriptionView.xib */ = {isa = PBXFileReference; fileEncoding = 4; lastKnownFileType = file.xib; path = SubscriptionView.xib; sourceTree = "<group>"; };
		ACB587352279E5DE00EB9002 /* SubscriptionTableViewCell.xib */ = {isa = PBXFileReference; fileEncoding = 4; lastKnownFileType = file.xib; path = SubscriptionTableViewCell.xib; sourceTree = "<group>"; };
		ACB5873B2279E62A00EB9002 /* Subscription.swift */ = {isa = PBXFileReference; fileEncoding = 4; lastKnownFileType = sourcecode.swift; path = Subscription.swift; sourceTree = "<group>"; };
		ACB5873E2279FA7F00EB9002 /* CountriesTableViewController.swift */ = {isa = PBXFileReference; fileEncoding = 4; lastKnownFileType = sourcecode.swift; path = CountriesTableViewController.swift; sourceTree = "<group>"; };
		ACB587412279FAD100EB9002 /* CountryTableCell.swift */ = {isa = PBXFileReference; fileEncoding = 4; lastKnownFileType = sourcecode.swift; path = CountryTableCell.swift; sourceTree = "<group>"; };
		ACB587432279FB7B00EB9002 /* Country.swift */ = {isa = PBXFileReference; fileEncoding = 4; lastKnownFileType = sourcecode.swift; path = Country.swift; sourceTree = "<group>"; };
		ACB587452279FBB300EB9002 /* CountryData.swift */ = {isa = PBXFileReference; fileEncoding = 4; lastKnownFileType = sourcecode.swift; path = CountryData.swift; sourceTree = "<group>"; };
		ACB587472279FC2600EB9002 /* Data+Dictionary.swift */ = {isa = PBXFileReference; fileEncoding = 4; lastKnownFileType = sourcecode.swift; path = "Data+Dictionary.swift"; sourceTree = "<group>"; };
		ACB587492279FC4600EB9002 /* Countries.swift */ = {isa = PBXFileReference; fileEncoding = 4; lastKnownFileType = sourcecode.swift; path = Countries.swift; sourceTree = "<group>"; };
		ACB5874B2279FC7500EB9002 /* CountryTableCell.xib */ = {isa = PBXFileReference; fileEncoding = 4; lastKnownFileType = file.xib; path = CountryTableCell.xib; sourceTree = "<group>"; };
		ACB5874D227A05C800EB9002 /* UIApplication+StatusBarColor.swift */ = {isa = PBXFileReference; lastKnownFileType = sourcecode.swift; path = "UIApplication+StatusBarColor.swift"; sourceTree = "<group>"; };
		AE52EB0790C83BC8436A1C0C /* Pods_TestPhone.framework */ = {isa = PBXFileReference; explicitFileType = wrapper.framework; includeInIndex = 0; path = Pods_TestPhone.framework; sourceTree = BUILT_PRODUCTS_DIR; };
		F9E8EABE73E2A812D873D8ED /* Pods-TestPhoneTests.debug.xcconfig */ = {isa = PBXFileReference; includeInIndex = 1; lastKnownFileType = text.xcconfig; name = "Pods-TestPhoneTests.debug.xcconfig"; path = "Pods/Target Support Files/Pods-TestPhoneTests/Pods-TestPhoneTests.debug.xcconfig"; sourceTree = "<group>"; };
/* End PBXFileReference section */

/* Begin PBXFrameworksBuildPhase section */
		ACB586E4227862A600EB9002 /* Frameworks */ = {
			isa = PBXFrameworksBuildPhase;
			buildActionMask = 2147483647;
			files = (
				4DC254A152C8940744C47F6C /* Pods_TestPhone.framework in Frameworks */,
			);
			runOnlyForDeploymentPostprocessing = 0;
		};
		ACB586F8227862A900EB9002 /* Frameworks */ = {
			isa = PBXFrameworksBuildPhase;
			buildActionMask = 2147483647;
			files = (
				FA67AD0F2568854162EEFC40 /* Pods_TestPhoneTests.framework in Frameworks */,
			);
			runOnlyForDeploymentPostprocessing = 0;
		};
		ACB58703227862A900EB9002 /* Frameworks */ = {
			isa = PBXFrameworksBuildPhase;
			buildActionMask = 2147483647;
			files = (
				432AA4EDBB04137A5054CEA2 /* Pods_TestPhoneUITests.framework in Frameworks */,
			);
			runOnlyForDeploymentPostprocessing = 0;
		};
/* End PBXFrameworksBuildPhase section */

/* Begin PBXGroup section */
		5D35F464AC80500B7084EF54 /* Pods */ = {
			isa = PBXGroup;
			children = (
				68E2E00126BAEBC52D0AB866 /* Pods-TestPhone.debug.xcconfig */,
				0B0DF6C5EA3E6AA34218E0A3 /* Pods-TestPhone.release.xcconfig */,
				F9E8EABE73E2A812D873D8ED /* Pods-TestPhoneTests.debug.xcconfig */,
				006BA25657AA3A1998F2264C /* Pods-TestPhoneTests.release.xcconfig */,
				9530F6785FF248564530CDCF /* Pods-TestPhoneUITests.debug.xcconfig */,
				6861BDCB1C7CF2696729CB9E /* Pods-TestPhoneUITests.release.xcconfig */,
			);
			name = Pods;
			sourceTree = "<group>";
		};
		ACB586DE227862A600EB9002 = {
			isa = PBXGroup;
			children = (
				ACB586E9227862A600EB9002 /* TestPhone */,
				ACB586FE227862A900EB9002 /* TestPhoneTests */,
				ACB58709227862A900EB9002 /* TestPhoneUITests */,
				ACB586E8227862A600EB9002 /* Products */,
				5D35F464AC80500B7084EF54 /* Pods */,
				FABED631CCE273A0DDB303C3 /* Frameworks */,
			);
			sourceTree = "<group>";
		};
		ACB586E8227862A600EB9002 /* Products */ = {
			isa = PBXGroup;
			children = (
				ACB586E7227862A600EB9002 /* TestPhone.app */,
				ACB586FB227862A900EB9002 /* TestPhoneTests.xctest */,
				ACB58706227862A900EB9002 /* TestPhoneUITests.xctest */,
			);
			name = Products;
			sourceTree = "<group>";
		};
		ACB586E9227862A600EB9002 /* TestPhone */ = {
			isa = PBXGroup;
			children = (
				ACB5871E22786A6F00EB9002 /* Controllers */,
				ACB5873A2279E5F300EB9002 /* Models */,
				ACB5871F22786AD100EB9002 /* Categories */,
				ACB5872022786BD100EB9002 /* Utilz */,
				ACB586EA227862A600EB9002 /* AppDelegate.swift */,
				ACB586EE227862A600EB9002 /* Main.storyboard */,
				ACB586F1227862A800EB9002 /* Assets.xcassets */,
				ACB586F3227862A800EB9002 /* LaunchScreen.storyboard */,
				ACB586F6227862A800EB9002 /* Info.plist */,
			);
			path = TestPhone;
			sourceTree = "<group>";
		};
		ACB586FE227862A900EB9002 /* TestPhoneTests */ = {
			isa = PBXGroup;
			children = (
				ACB586FF227862A900EB9002 /* TestPhoneTests.swift */,
				ACB58701227862A900EB9002 /* Info.plist */,
			);
			path = TestPhoneTests;
			sourceTree = "<group>";
		};
		ACB58709227862A900EB9002 /* TestPhoneUITests */ = {
			isa = PBXGroup;
			children = (
				ACB5870A227862A900EB9002 /* TestPhoneUITests.swift */,
				ACB5870C227862A900EB9002 /* Info.plist */,
			);
			path = TestPhoneUITests;
			sourceTree = "<group>";
		};
		ACB587182278662200EB9002 /* CountryDetail */ = {
			isa = PBXGroup;
			children = (
				ACB587312279E5B000EB9002 /* SubscriptionTableCell */,
				ACB58719227866CC00EB9002 /* ScrollableTableHeader */,
				ACB586EC227862A600EB9002 /* CountryDetailViewController.swift */,
			);
			path = CountryDetail;
			sourceTree = "<group>";
		};
		ACB58719227866CC00EB9002 /* ScrollableTableHeader */ = {
			isa = PBXGroup;
			children = (
				ACB587292278775300EB9002 /* Slide */,
				ACB5871A2278688400EB9002 /* ScrollableHeaderView.swift */,
				ACB5871C2278691700EB9002 /* ScrollableHeaderView.xib */,
			);
			path = ScrollableTableHeader;
			sourceTree = "<group>";
		};
		ACB5871E22786A6F00EB9002 /* Controllers */ = {
			isa = PBXGroup;
			children = (
				ACB5873D2279F8C800EB9002 /* CountriesList */,
				ACB587182278662200EB9002 /* CountryDetail */,
			);
			path = Controllers;
			sourceTree = "<group>";
		};
		ACB5871F22786AD100EB9002 /* Categories */ = {
			isa = PBXGroup;
			children = (
				ACB587472279FC2600EB9002 /* Data+Dictionary.swift */,
				ACB5872322786CD300EB9002 /* UITableViewCell+NibLoadable.swift */,
				ACB587272278711400EB9002 /* UINib+Instantiate.swift */,
				ACB5874D227A05C800EB9002 /* UIApplication+StatusBarColor.swift */,
			);
			path = Categories;
			sourceTree = "<group>";
		};
		ACB5872022786BD100EB9002 /* Utilz */ = {
			isa = PBXGroup;
			children = (
				ACB587452279FBB300EB9002 /* CountryData.swift */,
				ACB5872122786C2000EB9002 /* NibLoadableView.swift */,
				ACB5872522786D4C00EB9002 /* ReusableView.swift */,
			);
			path = Utilz;
			sourceTree = "<group>";
		};
		ACB587292278775300EB9002 /* Slide */ = {
			isa = PBXGroup;
			children = (
				ACB5872A2278776E00EB9002 /* Slide.swift */,
				ACB5872C2278778200EB9002 /* Slide.xib */,
			);
			path = Slide;
			sourceTree = "<group>";
		};
		ACB587312279E5B000EB9002 /* SubscriptionTableCell */ = {
			isa = PBXGroup;
			children = (
				ACB587322279E5DE00EB9002 /* SubscriptionTableViewCell.swift */,
				ACB587352279E5DE00EB9002 /* SubscriptionTableViewCell.xib */,
				ACB587332279E5DE00EB9002 /* SubscriptionView.swift */,
				ACB587342279E5DE00EB9002 /* SubscriptionView.xib */,
			);
			path = SubscriptionTableCell;
			sourceTree = "<group>";
		};
		ACB5873A2279E5F300EB9002 /* Models */ = {
			isa = PBXGroup;
			children = (
				ACB587492279FC4600EB9002 /* Countries.swift */,
				ACB587432279FB7B00EB9002 /* Country.swift */,
				ACB5873B2279E62A00EB9002 /* Subscription.swift */,
			);
			path = Models;
			sourceTree = "<group>";
		};
		ACB5873D2279F8C800EB9002 /* CountriesList */ = {
			isa = PBXGroup;
			children = (
				ACB587402279FA8D00EB9002 /* Cells */,
				ACB5873E2279FA7F00EB9002 /* CountriesTableViewController.swift */,
			);
			path = CountriesList;
			sourceTree = "<group>";
		};
		ACB587402279FA8D00EB9002 /* Cells */ = {
			isa = PBXGroup;
			children = (
				ACB5874B2279FC7500EB9002 /* CountryTableCell.xib */,
				ACB587412279FAD100EB9002 /* CountryTableCell.swift */,
			);
			path = Cells;
			sourceTree = "<group>";
		};
		FABED631CCE273A0DDB303C3 /* Frameworks */ = {
			isa = PBXGroup;
			children = (
				AE52EB0790C83BC8436A1C0C /* Pods_TestPhone.framework */,
				1334857D99927F384CBBA748 /* Pods_TestPhoneTests.framework */,
				2B32D1E4408F317BF3C61308 /* Pods_TestPhoneUITests.framework */,
			);
			name = Frameworks;
			sourceTree = "<group>";
		};
/* End PBXGroup section */

/* Begin PBXNativeTarget section */
		ACB586E6227862A600EB9002 /* TestPhone */ = {
			isa = PBXNativeTarget;
			buildConfigurationList = ACB5870F227862A900EB9002 /* Build configuration list for PBXNativeTarget "TestPhone" */;
			buildPhases = (
				C7C34014AF29CF8A4B03D595 /* [CP] Check Pods Manifest.lock */,
				ACB586E3227862A600EB9002 /* Sources */,
				ACB586E4227862A600EB9002 /* Frameworks */,
				ACB586E5227862A600EB9002 /* Resources */,
				8C64BA079C6EE4165D1AD56C /* [CP] Embed Pods Frameworks */,
			);
			buildRules = (
			);
			dependencies = (
			);
			name = TestPhone;
			productName = TestPhone;
			productReference = ACB586E7227862A600EB9002 /* TestPhone.app */;
			productType = "com.apple.product-type.application";
		};
		ACB586FA227862A900EB9002 /* TestPhoneTests */ = {
			isa = PBXNativeTarget;
			buildConfigurationList = ACB58712227862A900EB9002 /* Build configuration list for PBXNativeTarget "TestPhoneTests" */;
			buildPhases = (
				7107BBF781D8259A71BC4396 /* [CP] Check Pods Manifest.lock */,
				ACB586F7227862A900EB9002 /* Sources */,
				ACB586F8227862A900EB9002 /* Frameworks */,
				ACB586F9227862A900EB9002 /* Resources */,
			);
			buildRules = (
			);
			dependencies = (
				ACB586FD227862A900EB9002 /* PBXTargetDependency */,
			);
			name = TestPhoneTests;
			productName = TestPhoneTests;
			productReference = ACB586FB227862A900EB9002 /* TestPhoneTests.xctest */;
			productType = "com.apple.product-type.bundle.unit-test";
		};
		ACB58705227862A900EB9002 /* TestPhoneUITests */ = {
			isa = PBXNativeTarget;
			buildConfigurationList = ACB58715227862A900EB9002 /* Build configuration list for PBXNativeTarget "TestPhoneUITests" */;
			buildPhases = (
				FD8414F3FEE2E294C4267292 /* [CP] Check Pods Manifest.lock */,
				ACB58702227862A900EB9002 /* Sources */,
				ACB58703227862A900EB9002 /* Frameworks */,
				ACB58704227862A900EB9002 /* Resources */,
			);
			buildRules = (
			);
			dependencies = (
				ACB58708227862A900EB9002 /* PBXTargetDependency */,
			);
			name = TestPhoneUITests;
			productName = TestPhoneUITests;
			productReference = ACB58706227862A900EB9002 /* TestPhoneUITests.xctest */;
			productType = "com.apple.product-type.bundle.ui-testing";
		};
/* End PBXNativeTarget section */

/* Begin PBXProject section */
		ACB586DF227862A600EB9002 /* Project object */ = {
			isa = PBXProject;
			attributes = {
				LastSwiftUpdateCheck = 1010;
				LastUpgradeCheck = 1010;
				ORGANIZATIONNAME = "Dmitriy Korkin";
				TargetAttributes = {
					ACB586E6227862A600EB9002 = {
						CreatedOnToolsVersion = 10.1;
					};
					ACB586FA227862A900EB9002 = {
						CreatedOnToolsVersion = 10.1;
						TestTargetID = ACB586E6227862A600EB9002;
					};
					ACB58705227862A900EB9002 = {
						CreatedOnToolsVersion = 10.1;
						TestTargetID = ACB586E6227862A600EB9002;
					};
				};
			};
			buildConfigurationList = ACB586E2227862A600EB9002 /* Build configuration list for PBXProject "TestPhone" */;
			compatibilityVersion = "Xcode 9.3";
			developmentRegion = en;
			hasScannedForEncodings = 0;
			knownRegions = (
				en,
				Base,
			);
			mainGroup = ACB586DE227862A600EB9002;
			productRefGroup = ACB586E8227862A600EB9002 /* Products */;
			projectDirPath = "";
			projectRoot = "";
			targets = (
				ACB586E6227862A600EB9002 /* TestPhone */,
				ACB586FA227862A900EB9002 /* TestPhoneTests */,
				ACB58705227862A900EB9002 /* TestPhoneUITests */,
			);
		};
/* End PBXProject section */

/* Begin PBXResourcesBuildPhase section */
		ACB586E5227862A600EB9002 /* Resources */ = {
			isa = PBXResourcesBuildPhase;
			buildActionMask = 2147483647;
			files = (
				ACB587392279E5DE00EB9002 /* SubscriptionTableViewCell.xib in Resources */,
				ACB5874C2279FC7500EB9002 /* CountryTableCell.xib in Resources */,
				ACB5872D2278778200EB9002 /* Slide.xib in Resources */,
				ACB587382279E5DE00EB9002 /* SubscriptionView.xib in Resources */,
				ACB5871D2278691700EB9002 /* ScrollableHeaderView.xib in Resources */,
				ACB586F5227862A800EB9002 /* LaunchScreen.storyboard in Resources */,
				ACB586F2227862A800EB9002 /* Assets.xcassets in Resources */,
				ACB586F0227862A600EB9002 /* Main.storyboard in Resources */,
			);
			runOnlyForDeploymentPostprocessing = 0;
		};
		ACB586F9227862A900EB9002 /* Resources */ = {
			isa = PBXResourcesBuildPhase;
			buildActionMask = 2147483647;
			files = (
			);
			runOnlyForDeploymentPostprocessing = 0;
		};
		ACB58704227862A900EB9002 /* Resources */ = {
			isa = PBXResourcesBuildPhase;
			buildActionMask = 2147483647;
			files = (
			);
			runOnlyForDeploymentPostprocessing = 0;
		};
/* End PBXResourcesBuildPhase section */

/* Begin PBXShellScriptBuildPhase section */
		7107BBF781D8259A71BC4396 /* [CP] Check Pods Manifest.lock */ = {
			isa = PBXShellScriptBuildPhase;
			buildActionMask = 2147483647;
			files = (
			);
			inputPaths = (
				"${PODS_PODFILE_DIR_PATH}/Podfile.lock",
				"${PODS_ROOT}/Manifest.lock",
			);
			name = "[CP] Check Pods Manifest.lock";
			outputPaths = (
				"$(DERIVED_FILE_DIR)/Pods-TestPhoneTests-checkManifestLockResult.txt",
			);
			runOnlyForDeploymentPostprocessing = 0;
			shellPath = /bin/sh;
			shellScript = "diff \"${PODS_PODFILE_DIR_PATH}/Podfile.lock\" \"${PODS_ROOT}/Manifest.lock\" > /dev/null\nif [ $? != 0 ] ; then\n    # print error to STDERR\n    echo \"error: The sandbox is not in sync with the Podfile.lock. Run 'pod install' or update your CocoaPods installation.\" >&2\n    exit 1\nfi\n# This output is used by Xcode 'outputs' to avoid re-running this script phase.\necho \"SUCCESS\" > \"${SCRIPT_OUTPUT_FILE_0}\"\n";
			showEnvVarsInLog = 0;
		};
		8C64BA079C6EE4165D1AD56C /* [CP] Embed Pods Frameworks */ = {
			isa = PBXShellScriptBuildPhase;
			buildActionMask = 2147483647;
			files = (
			);
			inputPaths = (
				"${SRCROOT}/Pods/Target Support Files/Pods-TestPhone/Pods-TestPhone-frameworks.sh",
				"${BUILT_PRODUCTS_DIR}/Marshal/Marshal.framework",
			);
			name = "[CP] Embed Pods Frameworks";
			outputPaths = (
				"${TARGET_BUILD_DIR}/${FRAMEWORKS_FOLDER_PATH}/Marshal.framework",
			);
			runOnlyForDeploymentPostprocessing = 0;
			shellPath = /bin/sh;
			shellScript = "\"${SRCROOT}/Pods/Target Support Files/Pods-TestPhone/Pods-TestPhone-frameworks.sh\"\n";
			showEnvVarsInLog = 0;
		};
		C7C34014AF29CF8A4B03D595 /* [CP] Check Pods Manifest.lock */ = {
			isa = PBXShellScriptBuildPhase;
			buildActionMask = 2147483647;
			files = (
			);
			inputPaths = (
				"${PODS_PODFILE_DIR_PATH}/Podfile.lock",
				"${PODS_ROOT}/Manifest.lock",
			);
			name = "[CP] Check Pods Manifest.lock";
			outputPaths = (
				"$(DERIVED_FILE_DIR)/Pods-TestPhone-checkManifestLockResult.txt",
			);
			runOnlyForDeploymentPostprocessing = 0;
			shellPath = /bin/sh;
			shellScript = "diff \"${PODS_PODFILE_DIR_PATH}/Podfile.lock\" \"${PODS_ROOT}/Manifest.lock\" > /dev/null\nif [ $? != 0 ] ; then\n    # print error to STDERR\n    echo \"error: The sandbox is not in sync with the Podfile.lock. Run 'pod install' or update your CocoaPods installation.\" >&2\n    exit 1\nfi\n# This output is used by Xcode 'outputs' to avoid re-running this script phase.\necho \"SUCCESS\" > \"${SCRIPT_OUTPUT_FILE_0}\"\n";
			showEnvVarsInLog = 0;
		};
		FD8414F3FEE2E294C4267292 /* [CP] Check Pods Manifest.lock */ = {
			isa = PBXShellScriptBuildPhase;
			buildActionMask = 2147483647;
			files = (
			);
			inputPaths = (
				"${PODS_PODFILE_DIR_PATH}/Podfile.lock",
				"${PODS_ROOT}/Manifest.lock",
			);
			name = "[CP] Check Pods Manifest.lock";
			outputPaths = (
				"$(DERIVED_FILE_DIR)/Pods-TestPhoneUITests-checkManifestLockResult.txt",
			);
			runOnlyForDeploymentPostprocessing = 0;
			shellPath = /bin/sh;
			shellScript = "diff \"${PODS_PODFILE_DIR_PATH}/Podfile.lock\" \"${PODS_ROOT}/Manifest.lock\" > /dev/null\nif [ $? != 0 ] ; then\n    # print error to STDERR\n    echo \"error: The sandbox is not in sync with the Podfile.lock. Run 'pod install' or update your CocoaPods installation.\" >&2\n    exit 1\nfi\n# This output is used by Xcode 'outputs' to avoid re-running this script phase.\necho \"SUCCESS\" > \"${SCRIPT_OUTPUT_FILE_0}\"\n";
			showEnvVarsInLog = 0;
		};
/* End PBXShellScriptBuildPhase section */

/* Begin PBXSourcesBuildPhase section */
		ACB586E3227862A600EB9002 /* Sources */ = {
			isa = PBXSourcesBuildPhase;
			buildActionMask = 2147483647;
			files = (
				ACB587442279FB7B00EB9002 /* Country.swift in Sources */,
				ACB587462279FBB300EB9002 /* CountryData.swift in Sources */,
				ACB5874E227A05C800EB9002 /* UIApplication+StatusBarColor.swift in Sources */,
				ACB587362279E5DE00EB9002 /* SubscriptionTableViewCell.swift in Sources */,
				ACB5872222786C2000EB9002 /* NibLoadableView.swift in Sources */,
				ACB5871B2278688400EB9002 /* ScrollableHeaderView.swift in Sources */,
				ACB587372279E5DE00EB9002 /* SubscriptionView.swift in Sources */,
				ACB5873F2279FA7F00EB9002 /* CountriesTableViewController.swift in Sources */,
				ACB586ED227862A600EB9002 /* CountryDetailViewController.swift in Sources */,
				ACB5872622786D4C00EB9002 /* ReusableView.swift in Sources */,
				ACB586EB227862A600EB9002 /* AppDelegate.swift in Sources */,
				ACB5873C2279E62A00EB9002 /* Subscription.swift in Sources */,
				ACB5874A2279FC4600EB9002 /* Countries.swift in Sources */,
				ACB587482279FC2700EB9002 /* Data+Dictionary.swift in Sources */,
				ACB5872422786CD300EB9002 /* UITableViewCell+NibLoadable.swift in Sources */,
				ACB587282278711400EB9002 /* UINib+Instantiate.swift in Sources */,
				ACB587422279FAD100EB9002 /* CountryTableCell.swift in Sources */,
				ACB5872B2278776E00EB9002 /* Slide.swift in Sources */,
			);
			runOnlyForDeploymentPostprocessing = 0;
		};
		ACB586F7227862A900EB9002 /* Sources */ = {
			isa = PBXSourcesBuildPhase;
			buildActionMask = 2147483647;
			files = (
				ACB58700227862A900EB9002 /* TestPhoneTests.swift in Sources */,
			);
			runOnlyForDeploymentPostprocessing = 0;
		};
		ACB58702227862A900EB9002 /* Sources */ = {
			isa = PBXSourcesBuildPhase;
			buildActionMask = 2147483647;
			files = (
				ACB5870B227862A900EB9002 /* TestPhoneUITests.swift in Sources */,
			);
			runOnlyForDeploymentPostprocessing = 0;
		};
/* End PBXSourcesBuildPhase section */

/* Begin PBXTargetDependency section */
		ACB586FD227862A900EB9002 /* PBXTargetDependency */ = {
			isa = PBXTargetDependency;
			target = ACB586E6227862A600EB9002 /* TestPhone */;
			targetProxy = ACB586FC227862A900EB9002 /* PBXContainerItemProxy */;
		};
		ACB58708227862A900EB9002 /* PBXTargetDependency */ = {
			isa = PBXTargetDependency;
			target = ACB586E6227862A600EB9002 /* TestPhone */;
			targetProxy = ACB58707227862A900EB9002 /* PBXContainerItemProxy */;
		};
/* End PBXTargetDependency section */

/* Begin PBXVariantGroup section */
		ACB586EE227862A600EB9002 /* Main.storyboard */ = {
			isa = PBXVariantGroup;
			children = (
				ACB586EF227862A600EB9002 /* Base */,
			);
			name = Main.storyboard;
			sourceTree = "<group>";
		};
		ACB586F3227862A800EB9002 /* LaunchScreen.storyboard */ = {
			isa = PBXVariantGroup;
			children = (
				ACB586F4227862A800EB9002 /* Base */,
			);
			name = LaunchScreen.storyboard;
			sourceTree = "<group>";
		};
/* End PBXVariantGroup section */

/* Begin XCBuildConfiguration section */
		ACB5870D227862A900EB9002 /* Debug */ = {
			isa = XCBuildConfiguration;
			buildSettings = {
				ALWAYS_SEARCH_USER_PATHS = NO;
				CLANG_ANALYZER_NONNULL = YES;
				CLANG_ANALYZER_NUMBER_OBJECT_CONVERSION = YES_AGGRESSIVE;
				CLANG_CXX_LANGUAGE_STANDARD = "gnu++14";
				CLANG_CXX_LIBRARY = "libc++";
				CLANG_ENABLE_MODULES = YES;
				CLANG_ENABLE_OBJC_ARC = YES;
				CLANG_ENABLE_OBJC_WEAK = YES;
				CLANG_WARN_BLOCK_CAPTURE_AUTORELEASING = YES;
				CLANG_WARN_BOOL_CONVERSION = YES;
				CLANG_WARN_COMMA = YES;
				CLANG_WARN_CONSTANT_CONVERSION = YES;
				CLANG_WARN_DEPRECATED_OBJC_IMPLEMENTATIONS = YES;
				CLANG_WARN_DIRECT_OBJC_ISA_USAGE = YES_ERROR;
				CLANG_WARN_DOCUMENTATION_COMMENTS = YES;
				CLANG_WARN_EMPTY_BODY = YES;
				CLANG_WARN_ENUM_CONVERSION = YES;
				CLANG_WARN_INFINITE_RECURSION = YES;
				CLANG_WARN_INT_CONVERSION = YES;
				CLANG_WARN_NON_LITERAL_NULL_CONVERSION = YES;
				CLANG_WARN_OBJC_IMPLICIT_RETAIN_SELF = YES;
				CLANG_WARN_OBJC_LITERAL_CONVERSION = YES;
				CLANG_WARN_OBJC_ROOT_CLASS = YES_ERROR;
				CLANG_WARN_RANGE_LOOP_ANALYSIS = YES;
				CLANG_WARN_STRICT_PROTOTYPES = YES;
				CLANG_WARN_SUSPICIOUS_MOVE = YES;
				CLANG_WARN_UNGUARDED_AVAILABILITY = YES_AGGRESSIVE;
				CLANG_WARN_UNREACHABLE_CODE = YES;
				CLANG_WARN__DUPLICATE_METHOD_MATCH = YES;
				CODE_SIGN_IDENTITY = "iPhone Developer";
				COPY_PHASE_STRIP = NO;
				DEBUG_INFORMATION_FORMAT = dwarf;
				ENABLE_STRICT_OBJC_MSGSEND = YES;
				ENABLE_TESTABILITY = YES;
				GCC_C_LANGUAGE_STANDARD = gnu11;
				GCC_DYNAMIC_NO_PIC = NO;
				GCC_NO_COMMON_BLOCKS = YES;
				GCC_OPTIMIZATION_LEVEL = 0;
				GCC_PREPROCESSOR_DEFINITIONS = (
					"DEBUG=1",
					"$(inherited)",
				);
				GCC_WARN_64_TO_32_BIT_CONVERSION = YES;
				GCC_WARN_ABOUT_RETURN_TYPE = YES_ERROR;
				GCC_WARN_UNDECLARED_SELECTOR = YES;
				GCC_WARN_UNINITIALIZED_AUTOS = YES_AGGRESSIVE;
				GCC_WARN_UNUSED_FUNCTION = YES;
				GCC_WARN_UNUSED_VARIABLE = YES;
				IPHONEOS_DEPLOYMENT_TARGET = 12.1;
				MTL_ENABLE_DEBUG_INFO = INCLUDE_SOURCE;
				MTL_FAST_MATH = YES;
				ONLY_ACTIVE_ARCH = YES;
				SDKROOT = iphoneos;
				SWIFT_ACTIVE_COMPILATION_CONDITIONS = DEBUG;
				SWIFT_OPTIMIZATION_LEVEL = "-Onone";
			};
			name = Debug;
		};
		ACB5870E227862A900EB9002 /* Release */ = {
			isa = XCBuildConfiguration;
			buildSettings = {
				ALWAYS_SEARCH_USER_PATHS = NO;
				CLANG_ANALYZER_NONNULL = YES;
				CLANG_ANALYZER_NUMBER_OBJECT_CONVERSION = YES_AGGRESSIVE;
				CLANG_CXX_LANGUAGE_STANDARD = "gnu++14";
				CLANG_CXX_LIBRARY = "libc++";
				CLANG_ENABLE_MODULES = YES;
				CLANG_ENABLE_OBJC_ARC = YES;
				CLANG_ENABLE_OBJC_WEAK = YES;
				CLANG_WARN_BLOCK_CAPTURE_AUTORELEASING = YES;
				CLANG_WARN_BOOL_CONVERSION = YES;
				CLANG_WARN_COMMA = YES;
				CLANG_WARN_CONSTANT_CONVERSION = YES;
				CLANG_WARN_DEPRECATED_OBJC_IMPLEMENTATIONS = YES;
				CLANG_WARN_DIRECT_OBJC_ISA_USAGE = YES_ERROR;
				CLANG_WARN_DOCUMENTATION_COMMENTS = YES;
				CLANG_WARN_EMPTY_BODY = YES;
				CLANG_WARN_ENUM_CONVERSION = YES;
				CLANG_WARN_INFINITE_RECURSION = YES;
				CLANG_WARN_INT_CONVERSION = YES;
				CLANG_WARN_NON_LITERAL_NULL_CONVERSION = YES;
				CLANG_WARN_OBJC_IMPLICIT_RETAIN_SELF = YES;
				CLANG_WARN_OBJC_LITERAL_CONVERSION = YES;
				CLANG_WARN_OBJC_ROOT_CLASS = YES_ERROR;
				CLANG_WARN_RANGE_LOOP_ANALYSIS = YES;
				CLANG_WARN_STRICT_PROTOTYPES = YES;
				CLANG_WARN_SUSPICIOUS_MOVE = YES;
				CLANG_WARN_UNGUARDED_AVAILABILITY = YES_AGGRESSIVE;
				CLANG_WARN_UNREACHABLE_CODE = YES;
				CLANG_WARN__DUPLICATE_METHOD_MATCH = YES;
				CODE_SIGN_IDENTITY = "iPhone Developer";
				COPY_PHASE_STRIP = NO;
				DEBUG_INFORMATION_FORMAT = "dwarf-with-dsym";
				ENABLE_NS_ASSERTIONS = NO;
				ENABLE_STRICT_OBJC_MSGSEND = YES;
				GCC_C_LANGUAGE_STANDARD = gnu11;
				GCC_NO_COMMON_BLOCKS = YES;
				GCC_WARN_64_TO_32_BIT_CONVERSION = YES;
				GCC_WARN_ABOUT_RETURN_TYPE = YES_ERROR;
				GCC_WARN_UNDECLARED_SELECTOR = YES;
				GCC_WARN_UNINITIALIZED_AUTOS = YES_AGGRESSIVE;
				GCC_WARN_UNUSED_FUNCTION = YES;
				GCC_WARN_UNUSED_VARIABLE = YES;
				IPHONEOS_DEPLOYMENT_TARGET = 12.1;
				MTL_ENABLE_DEBUG_INFO = NO;
				MTL_FAST_MATH = YES;
				SDKROOT = iphoneos;
				SWIFT_COMPILATION_MODE = wholemodule;
				SWIFT_OPTIMIZATION_LEVEL = "-O";
				VALIDATE_PRODUCT = YES;
			};
			name = Release;
		};
		ACB58710227862A900EB9002 /* Debug */ = {
			isa = XCBuildConfiguration;
			baseConfigurationReference = 68E2E00126BAEBC52D0AB866 /* Pods-TestPhone.debug.xcconfig */;
			buildSettings = {
				ASSETCATALOG_COMPILER_APPICON_NAME = AppIcon;
				CODE_SIGN_STYLE = Automatic;
				DEVELOPMENT_TEAM = G7H7298QSP;
				INFOPLIST_FILE = TestPhone/Info.plist;
				LD_RUNPATH_SEARCH_PATHS = (
					"$(inherited)",
					"@executable_path/Frameworks",
				);
				PRODUCT_BUNDLE_IDENTIFIER = com.dkorkin.forum.TestPhone;
				PRODUCT_NAME = "$(TARGET_NAME)";
				SWIFT_VERSION = 4.2;
				TARGETED_DEVICE_FAMILY = "1,2";
			};
			name = Debug;
		};
		ACB58711227862A900EB9002 /* Release */ = {
			isa = XCBuildConfiguration;
			baseConfigurationReference = 0B0DF6C5EA3E6AA34218E0A3 /* Pods-TestPhone.release.xcconfig */;
			buildSettings = {
				ASSETCATALOG_COMPILER_APPICON_NAME = AppIcon;
				CODE_SIGN_STYLE = Automatic;
				DEVELOPMENT_TEAM = G7H7298QSP;
				INFOPLIST_FILE = TestPhone/Info.plist;
				LD_RUNPATH_SEARCH_PATHS = (
					"$(inherited)",
					"@executable_path/Frameworks",
				);
				PRODUCT_BUNDLE_IDENTIFIER = com.dkorkin.forum.TestPhone;
				PRODUCT_NAME = "$(TARGET_NAME)";
				SWIFT_VERSION = 4.2;
				TARGETED_DEVICE_FAMILY = "1,2";
			};
			name = Release;
		};
		ACB58713227862A900EB9002 /* Debug */ = {
			isa = XCBuildConfiguration;
			baseConfigurationReference = F9E8EABE73E2A812D873D8ED /* Pods-TestPhoneTests.debug.xcconfig */;
			buildSettings = {
				ALWAYS_EMBED_SWIFT_STANDARD_LIBRARIES = YES;
				BUNDLE_LOADER = "$(TEST_HOST)";
				CODE_SIGN_STYLE = Automatic;
				DEVELOPMENT_TEAM = G7H7298QSP;
				INFOPLIST_FILE = TestPhoneTests/Info.plist;
				LD_RUNPATH_SEARCH_PATHS = (
					"$(inherited)",
					"@executable_path/Frameworks",
					"@loader_path/Frameworks",
				);
				PRODUCT_BUNDLE_IDENTIFIER = com.dkorkin.forum.TestPhoneTests;
				PRODUCT_NAME = "$(TARGET_NAME)";
				SWIFT_VERSION = 4.2;
				TARGETED_DEVICE_FAMILY = "1,2";
				TEST_HOST = "$(BUILT_PRODUCTS_DIR)/TestPhone.app/TestPhone";
			};
			name = Debug;
		};
		ACB58714227862A900EB9002 /* Release */ = {
			isa = XCBuildConfiguration;
			baseConfigurationReference = 006BA25657AA3A1998F2264C /* Pods-TestPhoneTests.release.xcconfig */;
			buildSettings = {
				ALWAYS_EMBED_SWIFT_STANDARD_LIBRARIES = YES;
				BUNDLE_LOADER = "$(TEST_HOST)";
				CODE_SIGN_STYLE = Automatic;
				DEVELOPMENT_TEAM = G7H7298QSP;
				INFOPLIST_FILE = TestPhoneTests/Info.plist;
				LD_RUNPATH_SEARCH_PATHS = (
					"$(inherited)",
					"@executable_path/Frameworks",
					"@loader_path/Frameworks",
				);
				PRODUCT_BUNDLE_IDENTIFIER = com.dkorkin.forum.TestPhoneTests;
				PRODUCT_NAME = "$(TARGET_NAME)";
				SWIFT_VERSION = 4.2;
				TARGETED_DEVICE_FAMILY = "1,2";
				TEST_HOST = "$(BUILT_PRODUCTS_DIR)/TestPhone.app/TestPhone";
			};
			name = Release;
		};
		ACB58716227862A900EB9002 /* Debug */ = {
			isa = XCBuildConfiguration;
			baseConfigurationReference = 9530F6785FF248564530CDCF /* Pods-TestPhoneUITests.debug.xcconfig */;
			buildSettings = {
				ALWAYS_EMBED_SWIFT_STANDARD_LIBRARIES = YES;
				CODE_SIGN_STYLE = Automatic;
				DEVELOPMENT_TEAM = G7H7298QSP;
				INFOPLIST_FILE = TestPhoneUITests/Info.plist;
				LD_RUNPATH_SEARCH_PATHS = (
					"$(inherited)",
					"@executable_path/Frameworks",
					"@loader_path/Frameworks",
				);
				PRODUCT_BUNDLE_IDENTIFIER = com.dkorkin.forum.TestPhoneUITests;
				PRODUCT_NAME = "$(TARGET_NAME)";
				SWIFT_VERSION = 4.2;
				TARGETED_DEVICE_FAMILY = "1,2";
				TEST_TARGET_NAME = TestPhone;
			};
			name = Debug;
		};
		ACB58717227862A900EB9002 /* Release */ = {
			isa = XCBuildConfiguration;
			baseConfigurationReference = 6861BDCB1C7CF2696729CB9E /* Pods-TestPhoneUITests.release.xcconfig */;
			buildSettings = {
				ALWAYS_EMBED_SWIFT_STANDARD_LIBRARIES = YES;
				CODE_SIGN_STYLE = Automatic;
				DEVELOPMENT_TEAM = G7H7298QSP;
				INFOPLIST_FILE = TestPhoneUITests/Info.plist;
				LD_RUNPATH_SEARCH_PATHS = (
					"$(inherited)",
					"@executable_path/Frameworks",
					"@loader_path/Frameworks",
				);
				PRODUCT_BUNDLE_IDENTIFIER = com.dkorkin.forum.TestPhoneUITests;
				PRODUCT_NAME = "$(TARGET_NAME)";
				SWIFT_VERSION = 4.2;
				TARGETED_DEVICE_FAMILY = "1,2";
				TEST_TARGET_NAME = TestPhone;
			};
			name = Release;
		};
/* End XCBuildConfiguration section */

/* Begin XCConfigurationList section */
		ACB586E2227862A600EB9002 /* Build configuration list for PBXProject "TestPhone" */ = {
			isa = XCConfigurationList;
			buildConfigurations = (
				ACB5870D227862A900EB9002 /* Debug */,
				ACB5870E227862A900EB9002 /* Release */,
			);
			defaultConfigurationIsVisible = 0;
			defaultConfigurationName = Release;
		};
		ACB5870F227862A900EB9002 /* Build configuration list for PBXNativeTarget "TestPhone" */ = {
			isa = XCConfigurationList;
			buildConfigurations = (
				ACB58710227862A900EB9002 /* Debug */,
				ACB58711227862A900EB9002 /* Release */,
			);
			defaultConfigurationIsVisible = 0;
			defaultConfigurationName = Release;
		};
		ACB58712227862A900EB9002 /* Build configuration list for PBXNativeTarget "TestPhoneTests" */ = {
			isa = XCConfigurationList;
			buildConfigurations = (
				ACB58713227862A900EB9002 /* Debug */,
				ACB58714227862A900EB9002 /* Release */,
			);
			defaultConfigurationIsVisible = 0;
			defaultConfigurationName = Release;
		};
		ACB58715227862A900EB9002 /* Build configuration list for PBXNativeTarget "TestPhoneUITests" */ = {
			isa = XCConfigurationList;
			buildConfigurations = (
				ACB58716227862A900EB9002 /* Debug */,
				ACB58717227862A900EB9002 /* Release */,
			);
			defaultConfigurationIsVisible = 0;
			defaultConfigurationName = Release;
		};
/* End XCConfigurationList section */
	};
	rootObject = ACB586DF227862A600EB9002 /* Project object */;
}
